PODS:
  - RxCocoa (4.1.2):
    - RxSwift (~> 4.0)
  - RxMapKit (1.1.0):
    - RxCocoa (~> 4.1.2)
    - RxSwift (~> 4.1.2)
  - RxSwift (4.1.2)

DEPENDENCIES:
  - RxCocoa (~> 4.1.2)
  - RxMapKit (from `./`)
  - RxSwift (~> 4.1.2)

EXTERNAL SOURCES:
  RxMapKit:
    :path: ./

SPEC CHECKSUMS:
  RxCocoa: d88ba0f1f6abf040011a9eb4b539324fc426843a
  RxMapKit: a3f087b962ed1931af1b0792ce2452c798a4ed12
  RxSwift: e49536837d9901277638493ea537394d4b55f570

PODFILE CHECKSUM: e7c48533d08cfc952b0dc6d022635f9518f20b68

COCOAPODS: 1.4.0
