PODS:
  - RxCocoa (3.2.0):
    - RxSwift (~> 3.1)
  - RxMapKit (1.1.0):
    - RxCocoa (~> 3.2)
    - RxSwift (~> 3.2)
  - RxSwift (3.2.0)

DEPENDENCIES:
  - RxCocoa (~> 3.2)
  - RxMapKit (from `./`)
  - RxSwift (~> 3.2)

EXTERNAL SOURCES:
  RxMapKit:
    :path: ./

SPEC CHECKSUMS:
  RxCocoa: ccdf43101a70407097a29082f648ba1676075b30
  RxMapKit: d8d8f339a5c132000e8a451ee6b2237ce16255f8
  RxSwift: 46574f70d416b7923c237195939cc488a7fbf3a0

PODFILE CHECKSUM: 89aab5a30eface78de4634a746fdb598fed43d71

COCOAPODS: 1.4.0
